
Microsoft Visual Studio Solution File, Format Version 12.00
# Visual Studio Version 16
VisualStudioVersion = 16.0.31205.134
MinimumVisualStudioVersion = 10.0.40219.1
Project("{9A19103F-16F7-4668-BE54-9A1E7A4F7556}") = "DataCollectionAndAnalysis", "DataCollectionAndAnalysis\DataCollectionAndAnalysis.csproj", "{F59E0790-5C6C-4C7E-A000-A4E834179A75}"
EndProject
Project("{9A19103F-16F7-4668-BE54-9A1E7A4F7556}") = "DataCollectionAndAnalysis.Model", "DataCollectionAndAnalysis.Model\DataCollectionAndAnalysis.Model.csproj", "{D2481DA7-EEE6-423A-8B59-A7E0C1F74EFD}"
EndProject
Project("{9A19103F-16F7-4668-BE54-9A1E7A4F7556}") = "DataCollectionAndAnalysis.DataAccess", "DataCollectionAndAnalysis.DataAccess\DataCollectionAndAnalysis.DataAccess.csproj", "{E9C1A5AC-0BE5-4AAF-B74B-DECF417F5FE0}"
EndProject
Project("{9A19103F-16F7-4668-BE54-9A1E7A4F7556}") = "DataCollectionAndAnalysis.ViewModel", "DataCollectionAndAnalysis.ViewModel\DataCollectionAndAnalysis.ViewModel.csproj", "{79E714E6-416D-4DDC-9C2C-507079F10779}"
EndProject
Project("{9A19103F-16F7-4668-BE54-9A1E7A4F7556}") = "DataCollectionAndAnalysis.Test", "DataCollectionAndAnalysis.Test\DataCollectionAndAnalysis.Test.csproj", "{A155A02A-7141-4440-9D93-1AE376496D34}"
EndProject
Global
	GlobalSection(SolutionConfigurationPlatforms) = preSolution
		Debug|Any CPU = Debug|Any CPU
		Release|Any CPU = Release|Any CPU
	EndGlobalSection
	GlobalSection(ProjectConfigurationPlatforms) = postSolution
		{F59E0790-5C6C-4C7E-A000-A4E834179A75}.Debug|Any CPU.ActiveCfg = Debug|Any CPU
		{F59E0790-5C6C-4C7E-A000-A4E834179A75}.Debug|Any CPU.Build.0 = Debug|Any CPU
		{F59E0790-5C6C-4C7E-A000-A4E834179A75}.Release|Any CPU.ActiveCfg = Release|Any CPU
		{F59E0790-5C6C-4C7E-A000-A4E834179A75}.Release|Any CPU.Build.0 = Release|Any CPU
		{D2481DA7-EEE6-423A-8B59-A7E0C1F74EFD}.Debug|Any CPU.ActiveCfg = Debug|Any CPU
		{D2481DA7-EEE6-423A-8B59-A7E0C1F74EFD}.Debug|Any CPU.Build.0 = Debug|Any CPU
		{D2481DA7-EEE6-423A-8B59-A7E0C1F74EFD}.Release|Any CPU.ActiveCfg = Release|Any CPU
		{D2481DA7-EEE6-423A-8B59-A7E0C1F74EFD}.Release|Any CPU.Build.0 = Release|Any CPU
		{E9C1A5AC-0BE5-4AAF-B74B-DECF417F5FE0}.Debug|Any CPU.ActiveCfg = Debug|Any CPU
		{E9C1A5AC-0BE5-4AAF-B74B-DECF417F5FE0}.Debug|Any CPU.Build.0 = Debug|Any CPU
		{E9C1A5AC-0BE5-4AAF-B74B-DECF417F5FE0}.Release|Any CPU.ActiveCfg = Release|Any CPU
		{E9C1A5AC-0BE5-4AAF-B74B-DECF417F5FE0}.Release|Any CPU.Build.0 = Release|Any CPU
		{79E714E6-416D-4DDC-9C2C-507079F10779}.Debug|Any CPU.ActiveCfg = Debug|Any CPU
		{79E714E6-416D-4DDC-9C2C-507079F10779}.Debug|Any CPU.Build.0 = Debug|Any CPU
		{79E714E6-416D-4DDC-9C2C-507079F10779}.Release|Any CPU.ActiveCfg = Release|Any CPU
		{79E714E6-416D-4DDC-9C2C-507079F10779}.Release|Any CPU.Build.0 = Release|Any CPU
		{A155A02A-7141-4440-9D93-1AE376496D34}.Debug|Any CPU.ActiveCfg = Debug|Any CPU
		{A155A02A-7141-4440-9D93-1AE376496D34}.Debug|Any CPU.Build.0 = Debug|Any CPU
		{A155A02A-7141-4440-9D93-1AE376496D34}.Release|Any CPU.ActiveCfg = Release|Any CPU
		{A155A02A-7141-4440-9D93-1AE376496D34}.Release|Any CPU.Build.0 = Release|Any CPU
	EndGlobalSection
	GlobalSection(SolutionProperties) = preSolution
		HideSolutionNode = FALSE
	EndGlobalSection
	GlobalSection(ExtensibilityGlobals) = postSolution
		SolutionGuid = {1F219808-E6E8-4C1D-B846-41F2F7CF20FA}
	EndGlobalSection
EndGlobal
